// !$*UTF8*$!
{
	archiveVersion = 1;
	classes = {
	};
	objectVersion = 46;
	objects = {

/* Begin PBXBuildFile section */
		9A17B2891EF2819700EA045B /* AppDelegate.swift in Sources */ = {isa = PBXBuildFile; fileRef = 9A17B2881EF2819700EA045B /* AppDelegate.swift */; };
		9A17B28B1EF2819700EA045B /* ViewController.swift in Sources */ = {isa = PBXBuildFile; fileRef = 9A17B28A1EF2819700EA045B /* ViewController.swift */; };
		9A17B28E1EF2819700EA045B /* Main.storyboard in Resources */ = {isa = PBXBuildFile; fileRef = 9A17B28C1EF2819700EA045B /* Main.storyboard */; };
		9A17B2901EF2819700EA045B /* Assets.xcassets in Resources */ = {isa = PBXBuildFile; fileRef = 9A17B28F1EF2819700EA045B /* Assets.xcassets */; };
		9A17B2931EF2819700EA045B /* LaunchScreen.storyboard in Resources */ = {isa = PBXBuildFile; fileRef = 9A17B2911EF2819700EA045B /* LaunchScreen.storyboard */; };
		9A3363C11F05346200C7AF73 /* ImageView+BlurEffect.swift in Sources */ = {isa = PBXBuildFile; fileRef = 9A3363C01F05346200C7AF73 /* ImageView+BlurEffect.swift */; };
		9A52016C1F20E1DE0062957E /* HighliterView.swift in Sources */ = {isa = PBXBuildFile; fileRef = 9A52016B1F20E1DE0062957E /* HighliterView.swift */; };
/* End PBXBuildFile section */

/* Begin PBXFileReference section */
		9A17B2851EF2819700EA045B /* AstrologyAnimation.app */ = {isa = PBXFileReference; explicitFileType = wrapper.application; includeInIndex = 0; path = AstrologyAnimation.app; sourceTree = BUILT_PRODUCTS_DIR; };
		9A17B2881EF2819700EA045B /* AppDelegate.swift */ = {isa = PBXFileReference; lastKnownFileType = sourcecode.swift; path = AppDelegate.swift; sourceTree = "<group>"; };
		9A17B28A1EF2819700EA045B /* ViewController.swift */ = {isa = PBXFileReference; lastKnownFileType = sourcecode.swift; path = ViewController.swift; sourceTree = "<group>"; };
		9A17B28D1EF2819700EA045B /* Base */ = {isa = PBXFileReference; lastKnownFileType = file.storyboard; name = Base; path = Base.lproj/Main.storyboard; sourceTree = "<group>"; };
		9A17B28F1EF2819700EA045B /* Assets.xcassets */ = {isa = PBXFileReference; lastKnownFileType = folder.assetcatalog; path = Assets.xcassets; sourceTree = "<group>"; };
		9A17B2921EF2819700EA045B /* Base */ = {isa = PBXFileReference; lastKnownFileType = file.storyboard; name = Base; path = Base.lproj/LaunchScreen.storyboard; sourceTree = "<group>"; };
		9A17B2941EF2819700EA045B /* Info.plist */ = {isa = PBXFileReference; lastKnownFileType = text.plist.xml; path = Info.plist; sourceTree = "<group>"; };
		9A3363C01F05346200C7AF73 /* ImageView+BlurEffect.swift */ = {isa = PBXFileReference; fileEncoding = 4; lastKnownFileType = sourcecode.swift; path = "ImageView+BlurEffect.swift"; sourceTree = "<group>"; };
		9A52016B1F20E1DE0062957E /* HighliterView.swift */ = {isa = PBXFileReference; lastKnownFileType = sourcecode.swift; path = HighliterView.swift; sourceTree = "<group>"; };
/* End PBXFileReference section */

/* Begin PBXFrameworksBuildPhase section */
		9A17B2821EF2819700EA045B /* Frameworks */ = {
			isa = PBXFrameworksBuildPhase;
			buildActionMask = 2147483647;
			files = (
			);
			runOnlyForDeploymentPostprocessing = 0;
		};
/* End PBXFrameworksBuildPhase section */

/* Begin PBXGroup section */
		9A17B27C1EF2819700EA045B = {
			isa = PBXGroup;
			children = (
				9A17B2871EF2819700EA045B /* AstrologyAnimation */,
				9A17B2861EF2819700EA045B /* Products */,
			);
			sourceTree = "<group>";
		};
		9A17B2861EF2819700EA045B /* Products */ = {
			isa = PBXGroup;
			children = (
				9A17B2851EF2819700EA045B /* AstrologyAnimation.app */,
			);
			name = Products;
			sourceTree = "<group>";
		};
		9A17B2871EF2819700EA045B /* AstrologyAnimation */ = {
			isa = PBXGroup;
			children = (
				9A17B2881EF2819700EA045B /* AppDelegate.swift */,
				9A17B28A1EF2819700EA045B /* ViewController.swift */,
				9A3363C01F05346200C7AF73 /* ImageView+BlurEffect.swift */,
				9A52016B1F20E1DE0062957E /* HighliterView.swift */,
				9A17B28C1EF2819700EA045B /* Main.storyboard */,
				9A17B28F1EF2819700EA045B /* Assets.xcassets */,
				9A17B2911EF2819700EA045B /* LaunchScreen.storyboard */,
				9A17B2941EF2819700EA045B /* Info.plist */,
			);
			path = AstrologyAnimation;
			sourceTree = "<group>";
		};
/* End PBXGroup section */

/* Begin PBXNativeTarget section */
		9A17B2841EF2819700EA045B /* AstrologyAnimation */ = {
			isa = PBXNativeTarget;
			buildConfigurationList = 9A17B2971EF2819700EA045B /* Build configuration list for PBXNativeTarget "AstrologyAnimation" */;
			buildPhases = (
				9A17B2811EF2819700EA045B /* Sources */,
				9A17B2821EF2819700EA045B /* Frameworks */,
				9A17B2831EF2819700EA045B /* Resources */,
			);
			buildRules = (
			);
			dependencies = (
			);
			name = AstrologyAnimation;
			productName = AstrologyAnimation;
			productReference = 9A17B2851EF2819700EA045B /* AstrologyAnimation.app */;
			productType = "com.apple.product-type.application";
		};
/* End PBXNativeTarget section */

/* Begin PBXProject section */
		9A17B27D1EF2819700EA045B /* Project object */ = {
			isa = PBXProject;
			attributes = {
				LastSwiftUpdateCheck = 0830;
				LastUpgradeCheck = 0830;
				ORGANIZATIONNAME = Handsome;
				TargetAttributes = {
					9A17B2841EF2819700EA045B = {
						CreatedOnToolsVersion = 8.3.2;
						LastSwiftMigration = 0900;
						ProvisioningStyle = Automatic;
					};
				};
			};
			buildConfigurationList = 9A17B2801EF2819700EA045B /* Build configuration list for PBXProject "AstrologyAnimation" */;
			compatibilityVersion = "Xcode 3.2";
			developmentRegion = English;
			hasScannedForEncodings = 0;
			knownRegions = (
				en,
				Base,
			);
			mainGroup = 9A17B27C1EF2819700EA045B;
			productRefGroup = 9A17B2861EF2819700EA045B /* Products */;
			projectDirPath = "";
			projectRoot = "";
			targets = (
				9A17B2841EF2819700EA045B /* AstrologyAnimation */,
			);
		};
/* End PBXProject section */

/* Begin PBXResourcesBuildPhase section */
		9A17B2831EF2819700EA045B /* Resources */ = {
			isa = PBXResourcesBuildPhase;
			buildActionMask = 2147483647;
			files = (
				9A17B2931EF2819700EA045B /* LaunchScreen.storyboard in Resources */,
				9A17B2901EF2819700EA045B /* Assets.xcassets in Resources */,
				9A17B28E1EF2819700EA045B /* Main.storyboard in Resources */,
			);
			runOnlyForDeploymentPostprocessing = 0;
		};
/* End PBXResourcesBuildPhase section */

/* Begin PBXSourcesBuildPhase section */
		9A17B2811EF2819700EA045B /* Sources */ = {
			isa = PBXSourcesBuildPhase;
			buildActionMask = 2147483647;
			files = (
				9A3363C11F05346200C7AF73 /* ImageView+BlurEffect.swift in Sources */,
				9A17B28B1EF2819700EA045B /* ViewController.swift in Sources */,
				9A52016C1F20E1DE0062957E /* HighliterView.swift in Sources */,
				9A17B2891EF2819700EA045B /* AppDelegate.swift in Sources */,
			);
			runOnlyForDeploymentPostprocessing = 0;
		};
/* End PBXSourcesBuildPhase section */

/* Begin PBXVariantGroup section */
		9A17B28C1EF2819700EA045B /* Main.storyboard */ = {
			isa = PBXVariantGroup;
			children = (
				9A17B28D1EF2819700EA045B /* Base */,
			);
			name = Main.storyboard;
			sourceTree = "<group>";
		};
		9A17B2911EF2819700EA045B /* LaunchScreen.storyboard */ = {
			isa = PBXVariantGroup;
			children = (
				9A17B2921EF2819700EA045B /* Base */,
			);
			name = LaunchScreen.storyboard;
			sourceTree = "<group>";
		};
/* End PBXVariantGroup section */

/* Begin XCBuildConfiguration section */
		9A17B2951EF2819700EA045B /* Debug */ = {
			isa = XCBuildConfiguration;
			buildSettings = {
				ALWAYS_SEARCH_USER_PATHS = NO;
				CLANG_ANALYZER_NONNULL = YES;
				CLANG_ANALYZER_NUMBER_OBJECT_CONVERSION = YES_AGGRESSIVE;
				CLANG_CXX_LANGUAGE_STANDARD = "gnu++0x";
				CLANG_CXX_LIBRARY = "libc++";
				CLANG_ENABLE_MODULES = YES;
				CLANG_ENABLE_OBJC_ARC = YES;
				CLANG_WARN_BOOL_CONVERSION = YES;
				CLANG_WARN_CONSTANT_CONVERSION = YES;
				CLANG_WARN_DIRECT_OBJC_ISA_USAGE = YES_ERROR;
				CLANG_WARN_DOCUMENTATION_COMMENTS = YES;
				CLANG_WARN_EMPTY_BODY = YES;
				CLANG_WARN_ENUM_CONVERSION = YES;
				CLANG_WARN_INFINITE_RECURSION = YES;
				CLANG_WARN_INT_CONVERSION = YES;
				CLANG_WARN_OBJC_ROOT_CLASS = YES_ERROR;
				CLANG_WARN_SUSPICIOUS_MOVE = YES;
				CLANG_WARN_UNREACHABLE_CODE = YES;
				CLANG_WARN__DUPLICATE_METHOD_MATCH = YES;
				"CODE_SIGN_IDENTITY[sdk=iphoneos*]" = "iPhone Developer";
				COPY_PHASE_STRIP = NO;
				DEBUG_INFORMATION_FORMAT = dwarf;
				ENABLE_STRICT_OBJC_MSGSEND = YES;
				ENABLE_TESTABILITY = YES;
				GCC_C_LANGUAGE_STANDARD = gnu99;
				GCC_DYNAMIC_NO_PIC = NO;
				GCC_NO_COMMON_BLOCKS = YES;
				GCC_OPTIMIZATION_LEVEL = 0;
				GCC_PREPROCESSOR_DEFINITIONS = (
					"DEBUG=1",
					"$(inherited)",
				);
				GCC_WARN_64_TO_32_BIT_CONVERSION = YES;
				GCC_WARN_ABOUT_RETURN_TYPE = YES_ERROR;
				GCC_WARN_UNDECLARED_SELECTOR = YES;
				GCC_WARN_UNINITIALIZED_AUTOS = YES_AGGRESSIVE;
				GCC_WARN_UNUSED_FUNCTION = YES;
				GCC_WARN_UNUSED_VARIABLE = YES;
				IPHONEOS_DEPLOYMENT_TARGET = 10.0;
				MTL_ENABLE_DEBUG_INFO = YES;
				ONLY_ACTIVE_ARCH = YES;
				SDKROOT = iphoneos;
				SWIFT_ACTIVE_COMPILATION_CONDITIONS = DEBUG;
				SWIFT_OPTIMIZATION_LEVEL = "-Onone";
				TARGETED_DEVICE_FAMILY = "1,2";
			};
			name = Debug;
		};
		9A17B2961EF2819700EA045B /* Release */ = {
			isa = XCBuildConfiguration;
			buildSettings = {
				ALWAYS_SEARCH_USER_PATHS = NO;
				CLANG_ANALYZER_NONNULL = YES;
				CLANG_ANALYZER_NUMBER_OBJECT_CONVERSION = YES_AGGRESSIVE;
				CLANG_CXX_LANGUAGE_STANDARD = "gnu++0x";
				CLANG_CXX_LIBRARY = "libc++";
				CLANG_ENABLE_MODULES = YES;
				CLANG_ENABLE_OBJC_ARC = YES;
				CLANG_WARN_BOOL_CONVERSION = YES;
				CLANG_WARN_CONSTANT_CONVERSION = YES;
				CLANG_WARN_DIRECT_OBJC_ISA_USAGE = YES_ERROR;
				CLANG_WARN_DOCUMENTATION_COMMENTS = YES;
				CLANG_WARN_EMPTY_BODY = YES;
				CLANG_WARN_ENUM_CONVERSION = YES;
				CLANG_WARN_INFINITE_RECURSION = YES;
				CLANG_WARN_INT_CONVERSION = YES;
				CLANG_WARN_OBJC_ROOT_CLASS = YES_ERROR;
				CLANG_WARN_SUSPICIOUS_MOVE = YES;
				CLANG_WARN_UNREACHABLE_CODE = YES;
				CLANG_WARN__DUPLICATE_METHOD_MATCH = YES;
				"CODE_SIGN_IDENTITY[sdk=iphoneos*]" = "iPhone Developer";
				COPY_PHASE_STRIP = NO;
				DEBUG_INFORMATION_FORMAT = "dwarf-with-dsym";
				ENABLE_NS_ASSERTIONS = NO;
				ENABLE_STRICT_OBJC_MSGSEND = YES;
				GCC_C_LANGUAGE_STANDARD = gnu99;
				GCC_NO_COMMON_BLOCKS = YES;
				GCC_WARN_64_TO_32_BIT_CONVERSION = YES;
				GCC_WARN_ABOUT_RETURN_TYPE = YES_ERROR;
				GCC_WARN_UNDECLARED_SELECTOR = YES;
				GCC_WARN_UNINITIALIZED_AUTOS = YES_AGGRESSIVE;
				GCC_WARN_UNUSED_FUNCTION = YES;
				GCC_WARN_UNUSED_VARIABLE = YES;
				IPHONEOS_DEPLOYMENT_TARGET = 10.0;
				MTL_ENABLE_DEBUG_INFO = NO;
				SDKROOT = iphoneos;
				SWIFT_OPTIMIZATION_LEVEL = "-Owholemodule";
				TARGETED_DEVICE_FAMILY = "1,2";
				VALIDATE_PRODUCT = YES;
			};
			name = Release;
		};
		9A17B2981EF2819700EA045B /* Debug */ = {
			isa = XCBuildConfiguration;
			buildSettings = {
				ASSETCATALOG_COMPILER_APPICON_NAME = AppIcon;
				INFOPLIST_FILE = AstrologyAnimation/Info.plist;
				IPHONEOS_DEPLOYMENT_TARGET = 10.0;
				LD_RUNPATH_SEARCH_PATHS = "$(inherited) @executable_path/Frameworks";
				PRODUCT_BUNDLE_IDENTIFIER = is.handsome.swift.AstrologyAnimation;
				PRODUCT_NAME = "$(TARGET_NAME)";
				SWIFT_SWIFT3_OBJC_INFERENCE = On;
				SWIFT_VERSION = 4.0;
			};
			name = Debug;
		};
		9A17B2991EF2819700EA045B /* Release */ = {
			isa = XCBuildConfiguration;
			buildSettings = {
				ASSETCATALOG_COMPILER_APPICON_NAME = AppIcon;
				INFOPLIST_FILE = AstrologyAnimation/Info.plist;
				IPHONEOS_DEPLOYMENT_TARGET = 10.0;
				LD_RUNPATH_SEARCH_PATHS = "$(inherited) @executable_path/Frameworks";
				PRODUCT_BUNDLE_IDENTIFIER = is.handsome.swift.AstrologyAnimation;
				PRODUCT_NAME = "$(TARGET_NAME)";
				SWIFT_SWIFT3_OBJC_INFERENCE = On;
				SWIFT_VERSION = 4.0;
			};
			name = Release;
		};
/* End XCBuildConfiguration section */

/* Begin XCConfigurationList section */
		9A17B2801EF2819700EA045B /* Build configuration list for PBXProject "AstrologyAnimation" */ = {
			isa = XCConfigurationList;
			buildConfigurations = (
				9A17B2951EF2819700EA045B /* Debug */,
				9A17B2961EF2819700EA045B /* Release */,
			);
			defaultConfigurationIsVisible = 0;
			defaultConfigurationName = Release;
		};
		9A17B2971EF2819700EA045B /* Build configuration list for PBXNativeTarget "AstrologyAnimation" */ = {
			isa = XCConfigurationList;
			buildConfigurations = (
				9A17B2981EF2819700EA045B /* Debug */,
				9A17B2991EF2819700EA045B /* Release */,
			);
			defaultConfigurationIsVisible = 0;
			defaultConfigurationName = Release;
		};
/* End XCConfigurationList section */
	};
	rootObject = 9A17B27D1EF2819700EA045B /* Project object */;
}
